
Microsoft Visual Studio Solution File, Format Version 12.00
# Visual Studio Version 16
VisualStudioVersion = 16.0.30503.244
MinimumVisualStudioVersion = 10.0.40219.1
Project("{9A19103F-16F7-4668-BE54-9A1E7A4F7556}") = "RestElephanyWebAPIServices", "RestElephanyWebAPIServices.csproj", "{416A9D2A-66B6-452C-BBB7-F50148C405B6}"
EndProject
Project("{FAE04EC0-301F-11D3-BF4B-00C04F79EFBC}") = "XUnitTestProject1", "..\XUnitTestProject1\XUnitTestProject1.csproj", "{0905CAFC-93F6-4674-B3FF-DD17899A5A56}"
EndProject
Global
	GlobalSection(SolutionConfigurationPlatforms) = preSolution
		Debug|Any CPU = Debug|Any CPU
		Release|Any CPU = Release|Any CPU
	EndGlobalSection
	GlobalSection(ProjectConfigurationPlatforms) = postSolution
		{416A9D2A-66B6-452C-BBB7-F50148C405B6}.Debug|Any CPU.ActiveCfg = Debug|Any CPU
		{416A9D2A-66B6-452C-BBB7-F50148C405B6}.Debug|Any CPU.Build.0 = Debug|Any CPU
		{416A9D2A-66B6-452C-BBB7-F50148C405B6}.Release|Any CPU.ActiveCfg = Release|Any CPU
		{416A9D2A-66B6-452C-BBB7-F50148C405B6}.Release|Any CPU.Build.0 = Release|Any CPU
		{0905CAFC-93F6-4674-B3FF-DD17899A5A56}.Debug|Any CPU.ActiveCfg = Debug|Any CPU
		{0905CAFC-93F6-4674-B3FF-DD17899A5A56}.Debug|Any CPU.Build.0 = Debug|Any CPU
		{0905CAFC-93F6-4674-B3FF-DD17899A5A56}.Release|Any CPU.ActiveCfg = Release|Any CPU
		{0905CAFC-93F6-4674-B3FF-DD17899A5A56}.Release|Any CPU.Build.0 = Release|Any CPU
	EndGlobalSection
	GlobalSection(SolutionProperties) = preSolution
		HideSolutionNode = FALSE
	EndGlobalSection
	GlobalSection(ExtensibilityGlobals) = postSolution
		SolutionGuid = {4DBACE80-CA5B-48BB-8C8B-B1F58B5E43C4}
	EndGlobalSection
EndGlobal
